
Microsoft Visual Studio Solution File, Format Version 12.00
# Visual Studio Version 16
VisualStudioVersion = 16.0.32228.343
MinimumVisualStudioVersion = 10.0.40219.1
Project("{159641D6-6404-4A2A-AE62-294DE0FE8301}") = "ExercisesFromDifferentSources", "ExercisesFromDifferentSources\ExercisesFromDifferentSources.dtproj", "{0491DB58-D3CB-49B4-B573-3E895C9B3534}"
EndProject
Global
	GlobalSection(SolutionConfigurationPlatforms) = preSolution
		Development|Default = Development|Default
	EndGlobalSection
	GlobalSection(ProjectConfigurationPlatforms) = postSolution
		{0491DB58-D3CB-49B4-B573-3E895C9B3534}.Development|Default.ActiveCfg = Development
		{0491DB58-D3CB-49B4-B573-3E895C9B3534}.Development|Default.Build.0 = Development
	EndGlobalSection
	GlobalSection(SolutionProperties) = preSolution
		HideSolutionNode = FALSE
	EndGlobalSection
	GlobalSection(ExtensibilityGlobals) = postSolution
		SolutionGuid = {147BE929-CF5E-4BD5-8A49-67702BF319F0}
	EndGlobalSection
EndGlobal
