
Microsoft Visual Studio Solution File, Format Version 12.00
# Visual Studio Version 16
VisualStudioVersion = 16.0.33328.57
MinimumVisualStudioVersion = 10.0.40219.1
Project("{C9674DCB-5085-4A16-B785-4C70DD1589BD}") = "2023Experiences", "2023Experiences\2023Experiences.dtproj", "{45CA719C-4E0B-45F6-A4C7-9570819531B7}"
EndProject
Global
	GlobalSection(SolutionConfigurationPlatforms) = preSolution
		Development|Default = Development|Default
	EndGlobalSection
	GlobalSection(ProjectConfigurationPlatforms) = postSolution
		{45CA719C-4E0B-45F6-A4C7-9570819531B7}.Development|Default.ActiveCfg = Development
		{45CA719C-4E0B-45F6-A4C7-9570819531B7}.Development|Default.Build.0 = Development
	EndGlobalSection
	GlobalSection(SolutionProperties) = preSolution
		HideSolutionNode = FALSE
	EndGlobalSection
	GlobalSection(ExtensibilityGlobals) = postSolution
		SolutionGuid = {11700BFE-64D2-4058-BC2C-FDBC6D32DF02}
	EndGlobalSection
EndGlobal
